# This file was autogenerated by Stack.
# You should not edit this file by hand.
# For more information, please see the documentation at:
#   https://docs.haskellstack.org/en/stable/lock_files

packages:
- completed:
    hackage: hflags-0.4.3@sha256:f6b85fc7cbd170787f49225646e62d5589e5dd75abe6f26d16287e5fff3e678e,3121
    pantry-tree:
      size: 853
      sha256: 2519de50ccfe2d47f03aad3cff660617aab4beea7a6c003c50f94aa74d63a7c7
  original:
    hackage: hflags-0.4.3@sha256:f6b85fc7cbd170787f49225646e62d5589e5dd75abe6f26d16287e5fff3e678e,3121
snapshots:
- completed:
    size: 524127
    url: https://raw.githubusercontent.com/commercialhaskell/stackage-snapshots/master/lts/14/6.yaml
    sha256: dc70dfb45e2c32f54719819bd055f46855dd4b3bd2e58b9f3f38729a2d553fbb
  original: lts-14.6
